
Microsoft Visual Studio Solution File, Format Version 12.00
# Visual Studio Version 16
VisualStudioVersion = 16.0.29411.108
MinimumVisualStudioVersion = 10.0.40219.1
Project("{888888A0-9F3D-457C-B088-3A5042F75D52}") = "RSA", "RSA.pyproj", "{557E6909-329E-4F1E-A2B0-8AC37F8C2477}"
EndProject
Global
	GlobalSection(SolutionConfigurationPlatforms) = preSolution
		Debug|Any CPU = Debug|Any CPU
		Release|Any CPU = Release|Any CPU
	EndGlobalSection
	GlobalSection(ProjectConfigurationPlatforms) = postSolution
		{557E6909-329E-4F1E-A2B0-8AC37F8C2477}.Debug|Any CPU.ActiveCfg = Debug|Any CPU
		{557E6909-329E-4F1E-A2B0-8AC37F8C2477}.Release|Any CPU.ActiveCfg = Release|Any CPU
	EndGlobalSection
	GlobalSection(SolutionProperties) = preSolution
		HideSolutionNode = FALSE
	EndGlobalSection
	GlobalSection(ExtensibilityGlobals) = postSolution
		SolutionGuid = {942B746E-BEA6-44CD-8BD3-AC8F2D07FC9D}
	EndGlobalSection
EndGlobal
